Microsoft Visual Studio Solution File, Format Version 11.00
# Visual Studio 2008

Project("{1DE61F17-09E1-53C3-BAC8-49770BFC236C}") = "UnityToAs3", "Assembly-CSharp.csproj", "{CF36583F-5973-79FD-7A35-7A6FED5483BB}"
EndProject
Global
	GlobalSection(SolutionConfigurationPlatforms) = preSolution
		Debug|Any CPU = Debug|Any CPU
		Release|Any CPU = Release|Any CPU
	EndGlobalSection
	GlobalSection(ProjectConfigurationPlatforms) = postSolution
		{CF36583F-5973-79FD-7A35-7A6FED5483BB}.Debug|Any CPU.ActiveCfg = Debug|Any CPU
		{CF36583F-5973-79FD-7A35-7A6FED5483BB}.Debug|Any CPU.Build.0 = Debug|Any CPU
		{CF36583F-5973-79FD-7A35-7A6FED5483BB}.Release|Any CPU.ActiveCfg = Release|Any CPU
		{CF36583F-5973-79FD-7A35-7A6FED5483BB}.Release|Any CPU.Build.0 = Release|Any CPU
	EndGlobalSection
	GlobalSection(SolutionProperties) = preSolution
		HideSolutionNode = FALSE
	EndGlobalSection
					GlobalSection(MonoDevelopProperties) = preSolution
		StartupItem = Assembly-CSharp.csproj
		Policies = $0
		$0.TextStylePolicy = $1
		$1.inheritsSet = null
		$1.scope = text/x-csharp
		$0.CSharpFormattingPolicy = $2
		$2.inheritsSet = Mono
		$2.inheritsScope = text/x-csharp
		$2.scope = text/x-csharp
		$0.TextStylePolicy = $3
		$3.FileWidth = 120
		$3.TabWidth = 4
		$3.EolMarker = Unix
		$3.inheritsSet = Mono
		$3.inheritsScope = text/plain
		$3.scope = text/plain
	EndGlobalSection

EndGlobal
